github.com/linde12/gowol v0.0.0-20180926075039-797e4d01634c h1:QRJTb9zWXQL+yUajUqbp+VLtN+DQaYRloOxNwylsuVc=
github.com/linde12/gowol v0.0.0-20180926075039-797e4d01634c/go.mod h1:YeHfx3xIWda3noSterlj6d3+PdRRCTRox269+zhLmbM=
github.com/robbiet480/go.nut v0.0.0-20240622015809-60e196249c53 h1:TaG8Gmz2WOhR5KKymFGy9nnECpEZ+z01J9F22aqjuF0=
github.com/robbiet480/go.nut v0.0.0-20240622015809-60e196249c53/go.mod h1:pL1huxuIlWub46MsMVJg4p7OXkzbPp/APxh9IH0eJjQ=
